
Microsoft Visual Studio Solution File, Format Version 12.00
# Visual Studio 2012
Project("{FAE04EC0-301F-11D3-BF4B-00C04F79EFBC}") = "OficinaPI.Referencia.Jokenpo", "OficinaPI.Referencia.Jokenpo\OficinaPI.Referencia.Jokenpo.csproj", "{11A799DC-7F7B-414E-955C-3947FC15CAB0}"
EndProject
Project("{FAE04EC0-301F-11D3-BF4B-00C04F79EFBC}") = "OficinaPI.Referencia.Jokenpo.Testes", "OficinaPI.Referencia.Jokenpo.Testes\OficinaPI.Referencia.Jokenpo.Testes.csproj", "{AF329AB8-EDC8-4BAC-95C6-F409D3E8A956}"
EndProject
Global
	GlobalSection(SolutionConfigurationPlatforms) = preSolution
		Debug|Any CPU = Debug|Any CPU
		Release|Any CPU = Release|Any CPU
	EndGlobalSection
	GlobalSection(ProjectConfigurationPlatforms) = postSolution
		{11A799DC-7F7B-414E-955C-3947FC15CAB0}.Debug|Any CPU.ActiveCfg = Debug|Any CPU
		{11A799DC-7F7B-414E-955C-3947FC15CAB0}.Debug|Any CPU.Build.0 = Debug|Any CPU
		{11A799DC-7F7B-414E-955C-3947FC15CAB0}.Release|Any CPU.ActiveCfg = Release|Any CPU
		{11A799DC-7F7B-414E-955C-3947FC15CAB0}.Release|Any CPU.Build.0 = Release|Any CPU
		{AF329AB8-EDC8-4BAC-95C6-F409D3E8A956}.Debug|Any CPU.ActiveCfg = Debug|Any CPU
		{AF329AB8-EDC8-4BAC-95C6-F409D3E8A956}.Debug|Any CPU.Build.0 = Debug|Any CPU
		{AF329AB8-EDC8-4BAC-95C6-F409D3E8A956}.Release|Any CPU.ActiveCfg = Release|Any CPU
		{AF329AB8-EDC8-4BAC-95C6-F409D3E8A956}.Release|Any CPU.Build.0 = Release|Any CPU
	EndGlobalSection
	GlobalSection(MonoDevelopProperties) = preSolution
		StartupItem = OficinaPI.Referencia.Jokenpo\OficinaPI.Referencia.Jokenpo.csproj
	EndGlobalSection
EndGlobal
